{
    "version": 3,
    "terraform_version": "0.8.5",
    "serial": 4,
    "lineage": "6a7c8b24-27f1-473b-860f-6889808d6754",
    "modules": [
        {
            "path": [
                "root"
            ],
            "outputs": {},
            "resources": {
                "aws_eip.nat": {
                    "type": "aws_eip",
                    "depends_on": [
                        "aws_internet_gateway.gw"
                    ],
                    "primary": {
                        "id": "eipalloc-4be1ac71",
                        "attributes": {
                            "association_id": "eipassoc-63c0335e",
                            "domain": "vpc",
                            "id": "eipalloc-4be1ac71",
                            "instance": "",
                            "network_interface": "eni-864e42ad",
                            "private_ip": "172.31.1.120",
                            "public_ip": "52.36.223.144",
                            "vpc": "true"
                        },
                        "meta": {},
                        "tainted": false
                    },
                    "deposed": [],
                    "provider": ""
                },
                "aws_internet_gateway.gw": {
                    "type": "aws_internet_gateway",
                    "depends_on": [
                        "aws_vpc.vpc_tuto"
                    ],
                    "primary": {
                        "id": "igw-5dec223a",
                        "attributes": {
                            "id": "igw-5dec223a",
                            "tags.%": "1",
                            "tags.Name": "InternetGateway",
                            "vpc_id": "vpc-eb02168c"
                        },
                        "meta": {},
                        "tainted": false
                    },
                    "deposed": [],
                    "provider": ""
                },
                "aws_nat_gateway.nat": {
                    "type": "aws_nat_gateway",
                    "depends_on": [
                        "aws_eip.nat",
                        "aws_internet_gateway.gw",
                        "aws_subnet.subnet_us_west_2a"
                    ],
                    "primary": {
                        "id": "nat-0b0726f8a25540cc6",
                        "attributes": {
                            "allocation_id": "eipalloc-4be1ac71",
                            "id": "nat-0b0726f8a25540cc6",
                            "network_interface_id": "eni-864e42ad",
                            "private_ip": "172.31.1.120",
                            "public_ip": "52.36.223.144",
                            "subnet_id": "subnet-45705022"
                        },
                        "meta": {},
                        "tainted": false
                    },
                    "deposed": [],
                    "provider": ""
                },
                "aws_route.internet_access": {
                    "type": "aws_route",
                    "depends_on": [
                        "aws_internet_gateway.gw",
                        "aws_vpc.vpc_tuto"
                    ],
                    "primary": {
                        "id": "r-rtb-e6d758801080289494",
                        "attributes": {
                            "destination_cidr_block": "0.0.0.0/0",
                            "destination_prefix_list_id": "",
                            "gateway_id": "igw-5dec223a",
                            "id": "r-rtb-e6d758801080289494",
                            "instance_id": "",
                            "instance_owner_id": "",
                            "nat_gateway_id": "",
                            "network_interface_id": "",
                            "origin": "CreateRoute",
                            "route_table_id": "rtb-e6d75880",
                            "state": "active",
                            "vpc_peering_connection_id": ""
                        },
                        "meta": {},
                        "tainted": false
                    },
                    "deposed": [],
                    "provider": ""
                },
                "aws_route.private_route": {
                    "type": "aws_route",
                    "depends_on": [
                        "aws_nat_gateway.nat",
                        "aws_route_table.private_route_table"
                    ],
                    "primary": {
                        "id": "r-rtb-dad25dbc1080289494",
                        "attributes": {
                            "destination_cidr_block": "0.0.0.0/0",
                            "destination_prefix_list_id": "",
                            "gateway_id": "",
                            "id": "r-rtb-dad25dbc1080289494",
                            "instance_id": "",
                            "instance_owner_id": "",
                            "nat_gateway_id": "nat-0b0726f8a25540cc6",
                            "network_interface_id": "",
                            "origin": "CreateRoute",
                            "route_table_id": "rtb-dad25dbc",
                            "state": "active",
                            "vpc_peering_connection_id": ""
                        },
                        "meta": {},
                        "tainted": false
                    },
                    "deposed": [],
                    "provider": ""
                },
                "aws_route_table.private_route_table": {
                    "type": "aws_route_table",
                    "depends_on": [
                        "aws_vpc.vpc_tuto"
                    ],
                    "primary": {
                        "id": "rtb-dad25dbc",
                        "attributes": {
                            "id": "rtb-dad25dbc",
                            "propagating_vgws.#": "0",
                            "route.#": "1",
                            "route.3064066474.cidr_block": "0.0.0.0/0",
                            "route.3064066474.gateway_id": "",
                            "route.3064066474.instance_id": "",
                            "route.3064066474.nat_gateway_id": "nat-0b0726f8a25540cc6",
                            "route.3064066474.network_interface_id": "",
                            "route.3064066474.vpc_peering_connection_id": "",
                            "tags.%": "1",
                            "tags.Name": "Private route table",
                            "vpc_id": "vpc-eb02168c"
                        },
                        "meta": {},
                        "tainted": false
                    },
                    "deposed": [],
                    "provider": ""
                },
                "aws_route_table_association.subnet_eu_west_1a_association": {
                    "type": "aws_route_table_association",
                    "depends_on": [
                        "aws_subnet.subnet_us_west_2a",
                        "aws_vpc.vpc_tuto"
                    ],
                    "primary": {
                        "id": "rtbassoc-33018f4a",
                        "attributes": {
                            "id": "rtbassoc-33018f4a",
                            "route_table_id": "rtb-e6d75880",
                            "subnet_id": "subnet-45705022"
                        },
                        "meta": {},
                        "tainted": false
                    },
                    "deposed": [],
                    "provider": ""
                },
                "aws_route_table_association.subnet_eu_west_1b_association": {
                    "type": "aws_route_table_association",
                    "depends_on": [
                        "aws_route_table.private_route_table",
                        "aws_subnet.subnet_us_west_2b"
                    ],
                    "primary": {
                        "id": "rtbassoc-1a028c63",
                        "attributes": {
                            "id": "rtbassoc-1a028c63",
                            "route_table_id": "rtb-dad25dbc",
                            "subnet_id": "subnet-91add5d8"
                        },
                        "meta": {},
                        "tainted": false
                    },
                    "deposed": [],
                    "provider": ""
                },
                "aws_route_table_association.subnet_eu_west_1c_association": {
                    "type": "aws_route_table_association",
                    "depends_on": [
                        "aws_route_table.private_route_table",
                        "aws_subnet.subnet_us_west_2c"
                    ],
                    "primary": {
                        "id": "rtbassoc-30018f49",
                        "attributes": {
                            "id": "rtbassoc-30018f49",
                            "route_table_id": "rtb-dad25dbc",
                            "subnet_id": "subnet-2c0fc377"
                        },
                        "meta": {},
                        "tainted": false
                    },
                    "deposed": [],
                    "provider": ""
                },
                "aws_security_group.ssh": {
                    "type": "aws_security_group",
                    "depends_on": [],
                    "primary": {
                        "id": "sg-35c75c06",
                        "attributes": {
                            "description": "Allow port 22 ssh inbound traffic",
                            "egress.#": "1",
                            "egress.572884370.cidr_blocks.#": "1",
                            "egress.572884370.cidr_blocks.0": "0.0.0.0/0",
                            "egress.572884370.from_port": "22",
                            "egress.572884370.prefix_list_ids.#": "1",
                            "egress.572884370.prefix_list_ids.0": "pl-12c4e678",
                            "egress.572884370.protocol": "ssh",
                            "egress.572884370.security_groups.#": "0",
                            "egress.572884370.self": "false",
                            "egress.572884370.to_port": "22",
                            "id": "sg-35c75c06",
                            "ingress.#": "1",
                            "ingress.2889891423.cidr_blocks.#": "1",
                            "ingress.2889891423.cidr_blocks.0": "0.0.0.0/0",
                            "ingress.2889891423.from_port": "22",
                            "ingress.2889891423.protocol": "-1",
                            "ingress.2889891423.security_groups.#": "0",
                            "ingress.2889891423.self": "false",
                            "ingress.2889891423.to_port": "22",
                            "name": "ssh",
                            "owner_id": "787996767399",
                            "tags.%": "0",
                            "vpc_id": ""
                        },
                        "meta": {},
                        "tainted": false
                    },
                    "deposed": [],
                    "provider": ""
                },
                "aws_subnet.subnet_us_west_2a": {
                    "type": "aws_subnet",
                    "depends_on": [
                        "aws_vpc.vpc_tuto"
                    ],
                    "primary": {
                        "id": "subnet-45705022",
                        "attributes": {
                            "availability_zone": "us-west-2a",
                            "cidr_block": "172.31.1.0/24",
                            "id": "subnet-45705022",
                            "map_public_ip_on_launch": "true",
                            "tags.%": "1",
                            "tags.Name": "Subnet az 2a",
                            "vpc_id": "vpc-eb02168c"
                        },
                        "meta": {},
                        "tainted": false
                    },
                    "deposed": [],
                    "provider": ""
                },
                "aws_subnet.subnet_us_west_2b": {
                    "type": "aws_subnet",
                    "depends_on": [
                        "aws_vpc.vpc_tuto"
                    ],
                    "primary": {
                        "id": "subnet-91add5d8",
                        "attributes": {
                            "availability_zone": "us-west-2b",
                            "cidr_block": "172.31.2.0/24",
                            "id": "subnet-91add5d8",
                            "map_public_ip_on_launch": "false",
                            "tags.%": "1",
                            "tags.Name": "Subnet az 2b",
                            "vpc_id": "vpc-eb02168c"
                        },
                        "meta": {},
                        "tainted": false
                    },
                    "deposed": [],
                    "provider": ""
                },
                "aws_subnet.subnet_us_west_2c": {
                    "type": "aws_subnet",
                    "depends_on": [
                        "aws_vpc.vpc_tuto"
                    ],
                    "primary": {
                        "id": "subnet-2c0fc377",
                        "attributes": {
                            "availability_zone": "us-west-2c",
                            "cidr_block": "172.31.3.0/24",
                            "id": "subnet-2c0fc377",
                            "map_public_ip_on_launch": "false",
                            "tags.%": "1",
                            "tags.Name": "Subnet az 2c",
                            "vpc_id": "vpc-eb02168c"
                        },
                        "meta": {},
                        "tainted": false
                    },
                    "deposed": [],
                    "provider": ""
                },
                "aws_vpc.vpc_tuto": {
                    "type": "aws_vpc",
                    "depends_on": [],
                    "primary": {
                        "id": "vpc-eb02168c",
                        "attributes": {
                            "cidr_block": "172.31.0.0/16",
                            "default_network_acl_id": "acl-064e9b60",
                            "default_route_table_id": "rtb-e6d75880",
                            "default_security_group_id": "sg-1b1d5660",
                            "dhcp_options_id": "dopt-bd4caed8",
                            "enable_classiclink": "false",
                            "enable_dns_hostnames": "true",
                            "enable_dns_support": "true",
                            "id": "vpc-eb02168c",
                            "instance_tenancy": "default",
                            "main_route_table_id": "rtb-e6d75880",
                            "tags.%": "1",
                            "tags.Name": "ProductionVPC"
                        },
                        "meta": {},
                        "tainted": false
                    },
                    "deposed": [],
                    "provider": ""
                }
            },
            "depends_on": []
        }
    ]
}
