{
    "version": 3,
    "terraform_version": "0.8.5",
    "serial": 0,
    "lineage": "6a7c8b24-27f1-473b-860f-6889808d6754",
    "modules": [
        {
            "path": [
                "root"
            ],
            "outputs": {},
            "resources": {
                "aws_eip.nat": {
                    "type": "aws_eip",
                    "depends_on": [
                        "aws_internet_gateway.gw"
                    ],
                    "primary": {
                        "id": "eipalloc-0fe3ae35",
                        "attributes": {
                            "association_id": "",
                            "domain": "vpc",
                            "id": "eipalloc-0fe3ae35",
                            "instance": "",
                            "network_interface": "",
                            "private_ip": "",
                            "public_ip": "34.210.243.141",
                            "vpc": "true"
                        },
                        "meta": {},
                        "tainted": false
                    },
                    "deposed": [],
                    "provider": ""
                },
                "aws_internet_gateway.gw": {
                    "type": "aws_internet_gateway",
                    "depends_on": [
                        "aws_vpc.vpc_tuto"
                    ],
                    "primary": {
                        "id": "igw-09d11f6e",
                        "attributes": {
                            "id": "igw-09d11f6e",
                            "tags.%": "1",
                            "tags.Name": "InternetGateway",
                            "vpc_id": "vpc-dc1b0fbb"
                        },
                        "meta": {},
                        "tainted": false
                    },
                    "deposed": [],
                    "provider": ""
                },
                "aws_nat_gateway.nat": {
                    "type": "aws_nat_gateway",
                    "depends_on": [
                        "aws_eip.nat",
                        "aws_internet_gateway.gw",
                        "aws_subnet.subnet_us_west_2a"
                    ],
                    "primary": {
                        "id": "nat-0177ac7e7758accde",
                        "attributes": {
                            "allocation_id": "eipalloc-0fe3ae35",
                            "id": "nat-0177ac7e7758accde",
                            "network_interface_id": "eni-69bcb142",
                            "private_ip": "172.31.1.60",
                            "public_ip": "34.210.243.141",
                            "subnet_id": "subnet-2970504e"
                        },
                        "meta": {},
                        "tainted": false
                    },
                    "deposed": [],
                    "provider": ""
                },
                "aws_route.internet_access": {
                    "type": "aws_route",
                    "depends_on": [
                        "aws_internet_gateway.gw",
                        "aws_vpc.vpc_tuto"
                    ],
                    "primary": {
                        "id": "r-rtb-8ddb54eb1080289494",
                        "attributes": {
                            "destination_cidr_block": "0.0.0.0/0",
                            "destination_prefix_list_id": "",
                            "gateway_id": "igw-09d11f6e",
                            "id": "r-rtb-8ddb54eb1080289494",
                            "instance_id": "",
                            "instance_owner_id": "",
                            "nat_gateway_id": "",
                            "network_interface_id": "",
                            "origin": "CreateRoute",
                            "route_table_id": "rtb-8ddb54eb",
                            "state": "active",
                            "vpc_peering_connection_id": ""
                        },
                        "meta": {},
                        "tainted": false
                    },
                    "deposed": [],
                    "provider": ""
                },
                "aws_route.private_route": {
                    "type": "aws_route",
                    "depends_on": [
                        "aws_nat_gateway.nat",
                        "aws_route_table.private_route_table"
                    ],
                    "primary": {
                        "id": "r-rtb-1ed659781080289494",
                        "attributes": {
                            "destination_cidr_block": "0.0.0.0/0",
                            "destination_prefix_list_id": "",
                            "gateway_id": "",
                            "id": "r-rtb-1ed659781080289494",
                            "instance_id": "",
                            "instance_owner_id": "",
                            "nat_gateway_id": "nat-0177ac7e7758accde",
                            "network_interface_id": "",
                            "origin": "CreateRoute",
                            "route_table_id": "rtb-1ed65978",
                            "state": "active",
                            "vpc_peering_connection_id": ""
                        },
                        "meta": {},
                        "tainted": false
                    },
                    "deposed": [],
                    "provider": ""
                },
                "aws_route_table.private_route_table": {
                    "type": "aws_route_table",
                    "depends_on": [
                        "aws_vpc.vpc_tuto"
                    ],
                    "primary": {
                        "id": "rtb-1ed65978",
                        "attributes": {
                            "id": "rtb-1ed65978",
                            "propagating_vgws.#": "0",
                            "route.#": "0",
                            "tags.%": "1",
                            "tags.Name": "Private route table",
                            "vpc_id": "vpc-dc1b0fbb"
                        },
                        "meta": {},
                        "tainted": false
                    },
                    "deposed": [],
                    "provider": ""
                },
                "aws_route_table_association.subnet_eu_west_1a_association": {
                    "type": "aws_route_table_association",
                    "depends_on": [
                        "aws_subnet.subnet_us_west_2a",
                        "aws_vpc.vpc_tuto"
                    ],
                    "primary": {
                        "id": "rtbassoc-ee0c8297",
                        "attributes": {
                            "id": "rtbassoc-ee0c8297",
                            "route_table_id": "rtb-8ddb54eb",
                            "subnet_id": "subnet-2970504e"
                        },
                        "meta": {},
                        "tainted": false
                    },
                    "deposed": [],
                    "provider": ""
                },
                "aws_route_table_association.subnet_eu_west_1b_association": {
                    "type": "aws_route_table_association",
                    "depends_on": [
                        "aws_route_table.private_route_table",
                        "aws_subnet.subnet_us_west_2b"
                    ],
                    "primary": {
                        "id": "rtbassoc-e90a8490",
                        "attributes": {
                            "id": "rtbassoc-e90a8490",
                            "route_table_id": "rtb-1ed65978",
                            "subnet_id": "subnet-f9b4ccb0"
                        },
                        "meta": {},
                        "tainted": false
                    },
                    "deposed": [],
                    "provider": ""
                },
                "aws_route_table_association.subnet_eu_west_1c_association": {
                    "type": "aws_route_table_association",
                    "depends_on": [
                        "aws_route_table.private_route_table",
                        "aws_subnet.subnet_us_west_2c"
                    ],
                    "primary": {
                        "id": "rtbassoc-ef0c8296",
                        "attributes": {
                            "id": "rtbassoc-ef0c8296",
                            "route_table_id": "rtb-1ed65978",
                            "subnet_id": "subnet-28f23e73"
                        },
                        "meta": {},
                        "tainted": false
                    },
                    "deposed": [],
                    "provider": ""
                },
                "aws_subnet.subnet_us_west_2a": {
                    "type": "aws_subnet",
                    "depends_on": [
                        "aws_vpc.vpc_tuto"
                    ],
                    "primary": {
                        "id": "subnet-2970504e",
                        "attributes": {
                            "availability_zone": "us-west-2a",
                            "cidr_block": "172.31.1.0/24",
                            "id": "subnet-2970504e",
                            "map_public_ip_on_launch": "true",
                            "tags.%": "1",
                            "tags.Name": "Subnet az 2a",
                            "vpc_id": "vpc-dc1b0fbb"
                        },
                        "meta": {},
                        "tainted": false
                    },
                    "deposed": [],
                    "provider": ""
                },
                "aws_subnet.subnet_us_west_2b": {
                    "type": "aws_subnet",
                    "depends_on": [
                        "aws_vpc.vpc_tuto"
                    ],
                    "primary": {
                        "id": "subnet-f9b4ccb0",
                        "attributes": {
                            "availability_zone": "us-west-2b",
                            "cidr_block": "172.31.2.0/24",
                            "id": "subnet-f9b4ccb0",
                            "map_public_ip_on_launch": "false",
                            "tags.%": "1",
                            "tags.Name": "Subnet az 2b",
                            "vpc_id": "vpc-dc1b0fbb"
                        },
                        "meta": {},
                        "tainted": false
                    },
                    "deposed": [],
                    "provider": ""
                },
                "aws_subnet.subnet_us_west_2c": {
                    "type": "aws_subnet",
                    "depends_on": [
                        "aws_vpc.vpc_tuto"
                    ],
                    "primary": {
                        "id": "subnet-28f23e73",
                        "attributes": {
                            "availability_zone": "us-west-2c",
                            "cidr_block": "172.31.3.0/24",
                            "id": "subnet-28f23e73",
                            "map_public_ip_on_launch": "false",
                            "tags.%": "1",
                            "tags.Name": "Subnet az 2c",
                            "vpc_id": "vpc-dc1b0fbb"
                        },
                        "meta": {},
                        "tainted": false
                    },
                    "deposed": [],
                    "provider": ""
                },
                "aws_vpc.vpc_tuto": {
                    "type": "aws_vpc",
                    "depends_on": [],
                    "primary": {
                        "id": "vpc-dc1b0fbb",
                        "attributes": {
                            "cidr_block": "172.31.0.0/16",
                            "default_network_acl_id": "acl-174f9a71",
                            "default_route_table_id": "rtb-8ddb54eb",
                            "default_security_group_id": "sg-c5064dbe",
                            "dhcp_options_id": "dopt-bd4caed8",
                            "enable_classiclink": "false",
                            "enable_dns_hostnames": "true",
                            "enable_dns_support": "true",
                            "id": "vpc-dc1b0fbb",
                            "instance_tenancy": "default",
                            "main_route_table_id": "rtb-8ddb54eb",
                            "tags.%": "1",
                            "tags.Name": "TestVPC"
                        },
                        "meta": {},
                        "tainted": false
                    },
                    "deposed": [],
                    "provider": ""
                }
            },
            "depends_on": []
        }
    ]
}
