{
    "version": 3,
    "terraform_version": "0.8.5",
    "serial": 9,
    "lineage": "ffd42a2d-e07d-438b-894d-e4190a5858ca",
    "modules": [
        {
            "path": [
                "root"
            ],
            "outputs": {},
            "resources": {
                "google_compute_firewall.development-default-allow-icmp": {
                    "type": "google_compute_firewall",
                    "depends_on": [
                        "google_compute_network.development"
                    ],
                    "primary": {
                        "id": "development-default-allow-internal",
                        "attributes": {
                            "allow.#": "1",
                            "allow.1367131964.ports.#": "0",
                            "allow.1367131964.protocol": "icmp",
                            "description": "",
                            "id": "development-default-allow-internal",
                            "name": "development-default-allow-internal",
                            "network": "development",
                            "project": "that-big-universe",
                            "self_link": "https://www.googleapis.com/compute/v1/projects/that-big-universe/global/firewalls/development-default-allow-internal",
                            "source_ranges.#": "1",
                            "source_ranges.1080289494": "0.0.0.0/0",
                            "source_tags.#": "0",
                            "target_tags.#": "0"
                        },
                        "meta": {
                            "schema_version": "1"
                        },
                        "tainted": false
                    },
                    "deposed": [],
                    "provider": ""
                },
                "google_compute_firewall.development-default-http": {
                    "type": "google_compute_firewall",
                    "depends_on": [
                        "google_compute_network.development"
                    ],
                    "primary": {
                        "id": "development-default-http",
                        "attributes": {
                            "allow.#": "1",
                            "allow.272637744.ports.#": "1",
                            "allow.272637744.ports.0": "80",
                            "allow.272637744.protocol": "tcp",
                            "description": "",
                            "id": "development-default-http",
                            "name": "development-default-http",
                            "network": "development",
                            "project": "that-big-universe",
                            "self_link": "https://www.googleapis.com/compute/v1/projects/that-big-universe/global/firewalls/development-default-http",
                            "source_ranges.#": "1",
                            "source_ranges.1080289494": "0.0.0.0/0",
                            "source_tags.#": "0",
                            "target_tags.#": "1",
                            "target_tags.3122382253": "dev-http"
                        },
                        "meta": {
                            "schema_version": "1"
                        },
                        "tainted": false
                    },
                    "deposed": [],
                    "provider": ""
                },
                "google_compute_firewall.development-default-https": {
                    "type": "google_compute_firewall",
                    "depends_on": [
                        "google_compute_network.development"
                    ],
                    "primary": {
                        "id": "development-default-https",
                        "attributes": {
                            "allow.#": "1",
                            "allow.680193008.ports.#": "1",
                            "allow.680193008.ports.0": "443",
                            "allow.680193008.protocol": "tcp",
                            "description": "",
                            "id": "development-default-https",
                            "name": "development-default-https",
                            "network": "development",
                            "project": "that-big-universe",
                            "self_link": "https://www.googleapis.com/compute/v1/projects/that-big-universe/global/firewalls/development-default-https",
                            "source_ranges.#": "1",
                            "source_ranges.1080289494": "0.0.0.0/0",
                            "source_tags.#": "0",
                            "target_tags.#": "1",
                            "target_tags.3016952731": "dev-https"
                        },
                        "meta": {
                            "schema_version": "1"
                        },
                        "tainted": false
                    },
                    "deposed": [],
                    "provider": ""
                },
                "google_compute_firewall.development-default-internal": {
                    "type": "google_compute_firewall",
                    "depends_on": [
                        "google_compute_network.development"
                    ],
                    "primary": {
                        "id": "development-default-internal",
                        "attributes": {
                            "allow.#": "3",
                            "allow.1367131964.ports.#": "0",
                            "allow.1367131964.protocol": "icmp",
                            "allow.2250996047.ports.#": "1",
                            "allow.2250996047.ports.0": "0-65535",
                            "allow.2250996047.protocol": "tcp",
                            "allow.884285603.ports.#": "1",
                            "allow.884285603.ports.0": "0-65535",
                            "allow.884285603.protocol": "udp",
                            "description": "",
                            "id": "development-default-internal",
                            "name": "development-default-internal",
                            "network": "development",
                            "project": "that-big-universe",
                            "self_link": "https://www.googleapis.com/compute/v1/projects/that-big-universe/global/firewalls/development-default-internal",
                            "source_ranges.#": "1",
                            "source_ranges.1569849063": "10.128.0.0/9",
                            "source_tags.#": "0",
                            "target_tags.#": "0"
                        },
                        "meta": {
                            "schema_version": "1"
                        },
                        "tainted": false
                    },
                    "deposed": [],
                    "provider": ""
                },
                "google_compute_firewall.development-default-nodejs": {
                    "type": "google_compute_firewall",
                    "depends_on": [
                        "google_compute_network.development"
                    ],
                    "primary": {
                        "id": "development-default-nodejs",
                        "attributes": {
                            "allow.#": "1",
                            "allow.3927986701.ports.#": "1",
                            "allow.3927986701.ports.0": "3000",
                            "allow.3927986701.protocol": "tcp",
                            "description": "",
                            "id": "development-default-nodejs",
                            "name": "development-default-nodejs",
                            "network": "development",
                            "project": "that-big-universe",
                            "self_link": "https://www.googleapis.com/compute/v1/projects/that-big-universe/global/firewalls/development-default-nodejs",
                            "source_ranges.#": "1",
                            "source_ranges.1080289494": "0.0.0.0/0",
                            "source_tags.#": "0",
                            "target_tags.#": "1",
                            "target_tags.1828555870": "dev-nodejs"
                        },
                        "meta": {
                            "schema_version": "1"
                        },
                        "tainted": false
                    },
                    "deposed": [],
                    "provider": ""
                },
                "google_compute_firewall.development-default-ssh": {
                    "type": "google_compute_firewall",
                    "depends_on": [
                        "google_compute_network.development"
                    ],
                    "primary": {
                        "id": "development-default-ssh",
                        "attributes": {
                            "allow.#": "1",
                            "allow.803338340.ports.#": "1",
                            "allow.803338340.ports.0": "22",
                            "allow.803338340.protocol": "tcp",
                            "description": "",
                            "id": "development-default-ssh",
                            "name": "development-default-ssh",
                            "network": "development",
                            "project": "that-big-universe",
                            "self_link": "https://www.googleapis.com/compute/v1/projects/that-big-universe/global/firewalls/development-default-ssh",
                            "source_ranges.#": "1",
                            "source_ranges.1080289494": "0.0.0.0/0",
                            "source_tags.#": "0",
                            "target_tags.#": "0"
                        },
                        "meta": {
                            "schema_version": "1"
                        },
                        "tainted": false
                    },
                    "deposed": [],
                    "provider": ""
                },
                "google_compute_network.development": {
                    "type": "google_compute_network",
                    "depends_on": [],
                    "primary": {
                        "id": "development",
                        "attributes": {
                            "auto_create_subnetworks": "false",
                            "gateway_ipv4": "",
                            "id": "development",
                            "name": "development",
                            "self_link": "https://www.googleapis.com/compute/v1/projects/that-big-universe/global/networks/development"
                        },
                        "meta": {},
                        "tainted": false
                    },
                    "deposed": [],
                    "provider": ""
                },
                "google_compute_subnetwork.dev-space-us-west1": {
                    "type": "google_compute_subnetwork",
                    "depends_on": [
                        "google_compute_network.development"
                    ],
                    "primary": {
                        "id": "us-west1/dev-space",
                        "attributes": {
                            "gateway_address": "10.128.0.1",
                            "id": "us-west1/dev-space",
                            "ip_cidr_range": "10.128.0.0/20",
                            "name": "dev-space",
                            "network": "https://www.googleapis.com/compute/v1/projects/that-big-universe/global/networks/development",
                            "region": "us-west1",
                            "self_link": "https://www.googleapis.com/compute/v1/projects/that-big-universe/regions/us-west1/subnetworks/dev-space"
                        },
                        "meta": {},
                        "tainted": false
                    },
                    "deposed": [],
                    "provider": ""
                }
            },
            "depends_on": []
        }
    ]
}
