{
    "version": 3,
    "terraform_version": "0.7.6",
    "serial": 0,
    "lineage": "ffd42a2d-e07d-438b-894d-e4190a5858ca",
    "modules": [
        {
            "path": [
                "root"
            ],
            "outputs": {},
            "resources": {
                "google_compute_network.development": {
                    "type": "google_compute_network",
                    "depends_on": [],
                    "primary": {
                        "id": "development",
                        "attributes": {
                            "auto_create_subnetworks": "false",
                            "gateway_ipv4": "",
                            "id": "development",
                            "name": "development",
                            "self_link": "https://www.googleapis.com/compute/v1/projects/that-big-universe/global/networks/development"
                        },
                        "meta": {},
                        "tainted": false
                    },
                    "deposed": [],
                    "provider": ""
                },
                "google_compute_subnetwork.dev-space-us-west1": {
                    "type": "google_compute_subnetwork",
                    "depends_on": [
                        "google_compute_network.development"
                    ],
                    "primary": {
                        "id": "us-west1/dev-space",
                        "attributes": {
                            "gateway_address": "10.128.0.1",
                            "id": "us-west1/dev-space",
                            "ip_cidr_range": "10.128.0.0/20",
                            "name": "dev-space",
                            "network": "https://www.googleapis.com/compute/v1/projects/that-big-universe/global/networks/development",
                            "region": "us-west1",
                            "self_link": "https://www.googleapis.com/compute/v1/projects/that-big-universe/regions/us-west1/subnetworks/dev-space"
                        },
                        "meta": {},
                        "tainted": false
                    },
                    "deposed": [],
                    "provider": ""
                }
            },
            "depends_on": []
        }
    ]
}
