{
    "version": 3,
    "terraform_version": "0.9.5",
    "serial": 12,
    "lineage": "ffd42a2d-e07d-438b-894d-e4190a5858ca",
    "modules": [
        {
            "path": [
                "root"
            ],
            "outputs": {},
            "resources": {
                "aws_instance.aws-brood-server-1": {
                    "type": "aws_instance",
                    "depends_on": [],
                    "primary": {
                        "id": "i-06e1f9df664edd445",
                        "attributes": {
                            "ami": "ami-56997436",
                            "associate_public_ip_address": "true",
                            "availability_zone": "us-west-2a",
                            "disable_api_termination": "false",
                            "ebs_block_device.#": "0",
                            "ebs_optimized": "false",
                            "ephemeral_block_device.#": "0",
                            "iam_instance_profile": "",
                            "id": "i-06e1f9df664edd445",
                            "instance_state": "running",
                            "instance_type": "t2.micro",
                            "ipv6_address_count": "0",
                            "ipv6_addresses.#": "0",
                            "key_name": "",
                            "monitoring": "false",
                            "network_interface.#": "0",
                            "network_interface_id": "eni-45ebff6e",
                            "primary_network_interface_id": "eni-45ebff6e",
                            "private_dns": "ip-172-31-1-15.us-west-2.compute.internal",
                            "private_ip": "172.31.1.15",
                            "public_dns": "ec2-34-208-233-141.us-west-2.compute.amazonaws.com",
                            "public_ip": "34.208.233.141",
                            "root_block_device.#": "1",
                            "root_block_device.0.delete_on_termination": "true",
                            "root_block_device.0.iops": "0",
                            "root_block_device.0.volume_size": "8",
                            "root_block_device.0.volume_type": "standard",
                            "security_groups.#": "0",
                            "source_dest_check": "true",
                            "subnet_id": "subnet-ae1d3ec9",
                            "tags.%": "1",
                            "tags.Name": "Debian",
                            "tenancy": "default",
                            "volume_tags.%": "0",
                            "vpc_security_group_ids.#": "1",
                            "vpc_security_group_ids.1455555468": "sg-2572265e"
                        },
                        "meta": {
                            "schema_version": "1"
                        },
                        "tainted": false
                    },
                    "deposed": [],
                    "provider": ""
                },
                "aws_instance.aws-brood-server-2": {
                    "type": "aws_instance",
                    "depends_on": [],
                    "primary": {
                        "id": "i-0a72c2381745244d6",
                        "attributes": {
                            "ami": "ami-56997436",
                            "associate_public_ip_address": "true",
                            "availability_zone": "us-west-2a",
                            "disable_api_termination": "false",
                            "ebs_block_device.#": "0",
                            "ebs_optimized": "false",
                            "ephemeral_block_device.#": "0",
                            "iam_instance_profile": "",
                            "id": "i-0a72c2381745244d6",
                            "instance_state": "running",
                            "instance_type": "t2.micro",
                            "ipv6_address_count": "0",
                            "ipv6_addresses.#": "0",
                            "key_name": "",
                            "monitoring": "false",
                            "network_interface.#": "0",
                            "network_interface_id": "eni-2b958100",
                            "primary_network_interface_id": "eni-2b958100",
                            "private_dns": "ip-172-31-1-185.us-west-2.compute.internal",
                            "private_ip": "172.31.1.185",
                            "public_dns": "ec2-34-223-230-194.us-west-2.compute.amazonaws.com",
                            "public_ip": "34.223.230.194",
                            "root_block_device.#": "1",
                            "root_block_device.0.delete_on_termination": "true",
                            "root_block_device.0.iops": "0",
                            "root_block_device.0.volume_size": "8",
                            "root_block_device.0.volume_type": "standard",
                            "security_groups.#": "0",
                            "source_dest_check": "true",
                            "subnet_id": "subnet-ae1d3ec9",
                            "tags.%": "1",
                            "tags.Name": "Debian",
                            "tenancy": "default",
                            "volume_tags.%": "0",
                            "vpc_security_group_ids.#": "1",
                            "vpc_security_group_ids.1455555468": "sg-2572265e"
                        },
                        "meta": {
                            "schema_version": "1"
                        },
                        "tainted": false
                    },
                    "deposed": [],
                    "provider": ""
                },
                "google_compute_firewall.development-default-allow-icmp": {
                    "type": "google_compute_firewall",
                    "depends_on": [
                        "google_compute_network.development"
                    ],
                    "primary": {
                        "id": "development-default-allow-internal",
                        "attributes": {
                            "allow.#": "1",
                            "allow.1367131964.ports.#": "0",
                            "allow.1367131964.protocol": "icmp",
                            "description": "",
                            "id": "development-default-allow-internal",
                            "name": "development-default-allow-internal",
                            "network": "development",
                            "project": "that-big-universe",
                            "self_link": "https://www.googleapis.com/compute/v1/projects/that-big-universe/global/firewalls/development-default-allow-internal",
                            "source_ranges.#": "1",
                            "source_ranges.1080289494": "0.0.0.0/0",
                            "source_tags.#": "0",
                            "target_tags.#": "0"
                        },
                        "meta": {
                            "schema_version": "1"
                        },
                        "tainted": false
                    },
                    "deposed": [],
                    "provider": ""
                },
                "google_compute_firewall.development-default-http": {
                    "type": "google_compute_firewall",
                    "depends_on": [
                        "google_compute_network.development"
                    ],
                    "primary": {
                        "id": "development-default-http",
                        "attributes": {
                            "allow.#": "1",
                            "allow.272637744.ports.#": "1",
                            "allow.272637744.ports.0": "80",
                            "allow.272637744.protocol": "tcp",
                            "description": "",
                            "id": "development-default-http",
                            "name": "development-default-http",
                            "network": "development",
                            "project": "that-big-universe",
                            "self_link": "https://www.googleapis.com/compute/v1/projects/that-big-universe/global/firewalls/development-default-http",
                            "source_ranges.#": "1",
                            "source_ranges.1080289494": "0.0.0.0/0",
                            "source_tags.#": "0",
                            "target_tags.#": "1",
                            "target_tags.3122382253": "dev-http"
                        },
                        "meta": {
                            "schema_version": "1"
                        },
                        "tainted": false
                    },
                    "deposed": [],
                    "provider": ""
                },
                "google_compute_firewall.development-default-https": {
                    "type": "google_compute_firewall",
                    "depends_on": [
                        "google_compute_network.development"
                    ],
                    "primary": {
                        "id": "development-default-https",
                        "attributes": {
                            "allow.#": "1",
                            "allow.680193008.ports.#": "1",
                            "allow.680193008.ports.0": "443",
                            "allow.680193008.protocol": "tcp",
                            "description": "",
                            "id": "development-default-https",
                            "name": "development-default-https",
                            "network": "development",
                            "project": "that-big-universe",
                            "self_link": "https://www.googleapis.com/compute/v1/projects/that-big-universe/global/firewalls/development-default-https",
                            "source_ranges.#": "1",
                            "source_ranges.1080289494": "0.0.0.0/0",
                            "source_tags.#": "0",
                            "target_tags.#": "1",
                            "target_tags.3016952731": "dev-https"
                        },
                        "meta": {
                            "schema_version": "1"
                        },
                        "tainted": false
                    },
                    "deposed": [],
                    "provider": ""
                },
                "google_compute_firewall.development-default-internal": {
                    "type": "google_compute_firewall",
                    "depends_on": [
                        "google_compute_network.development"
                    ],
                    "primary": {
                        "id": "development-default-internal",
                        "attributes": {
                            "allow.#": "3",
                            "allow.1367131964.ports.#": "0",
                            "allow.1367131964.protocol": "icmp",
                            "allow.2250996047.ports.#": "1",
                            "allow.2250996047.ports.0": "0-65535",
                            "allow.2250996047.protocol": "tcp",
                            "allow.884285603.ports.#": "1",
                            "allow.884285603.ports.0": "0-65535",
                            "allow.884285603.protocol": "udp",
                            "description": "",
                            "id": "development-default-internal",
                            "name": "development-default-internal",
                            "network": "development",
                            "project": "that-big-universe",
                            "self_link": "https://www.googleapis.com/compute/v1/projects/that-big-universe/global/firewalls/development-default-internal",
                            "source_ranges.#": "1",
                            "source_ranges.1569849063": "10.128.0.0/9",
                            "source_tags.#": "0",
                            "target_tags.#": "0"
                        },
                        "meta": {
                            "schema_version": "1"
                        },
                        "tainted": false
                    },
                    "deposed": [],
                    "provider": ""
                },
                "google_compute_firewall.development-default-nodejs": {
                    "type": "google_compute_firewall",
                    "depends_on": [
                        "google_compute_network.development"
                    ],
                    "primary": {
                        "id": "development-default-nodejs",
                        "attributes": {
                            "allow.#": "1",
                            "allow.3927986701.ports.#": "1",
                            "allow.3927986701.ports.0": "3000",
                            "allow.3927986701.protocol": "tcp",
                            "description": "",
                            "id": "development-default-nodejs",
                            "name": "development-default-nodejs",
                            "network": "development",
                            "project": "that-big-universe",
                            "self_link": "https://www.googleapis.com/compute/v1/projects/that-big-universe/global/firewalls/development-default-nodejs",
                            "source_ranges.#": "1",
                            "source_ranges.1080289494": "0.0.0.0/0",
                            "source_tags.#": "0",
                            "target_tags.#": "1",
                            "target_tags.1828555870": "dev-nodejs"
                        },
                        "meta": {
                            "schema_version": "1"
                        },
                        "tainted": false
                    },
                    "deposed": [],
                    "provider": ""
                },
                "google_compute_firewall.development-default-ssh": {
                    "type": "google_compute_firewall",
                    "depends_on": [
                        "google_compute_network.development"
                    ],
                    "primary": {
                        "id": "development-default-ssh",
                        "attributes": {
                            "allow.#": "1",
                            "allow.803338340.ports.#": "1",
                            "allow.803338340.ports.0": "22",
                            "allow.803338340.protocol": "tcp",
                            "description": "",
                            "id": "development-default-ssh",
                            "name": "development-default-ssh",
                            "network": "development",
                            "project": "that-big-universe",
                            "self_link": "https://www.googleapis.com/compute/v1/projects/that-big-universe/global/firewalls/development-default-ssh",
                            "source_ranges.#": "1",
                            "source_ranges.1080289494": "0.0.0.0/0",
                            "source_tags.#": "0",
                            "target_tags.#": "0"
                        },
                        "meta": {
                            "schema_version": "1"
                        },
                        "tainted": false
                    },
                    "deposed": [],
                    "provider": ""
                },
                "google_compute_instance.gcp-brood-server-1": {
                    "type": "google_compute_instance",
                    "depends_on": [
                        "google_compute_subnetwork.dev-space-us-west1"
                    ],
                    "primary": {
                        "id": "sample-nodejs-1",
                        "attributes": {
                            "attached_disk.#": "0",
                            "can_ip_forward": "false",
                            "create_timeout": "4",
                            "disk.#": "1",
                            "disk.0.auto_delete": "true",
                            "disk.0.device_name": "",
                            "disk.0.disk": "",
                            "disk.0.disk_encryption_key_raw": "",
                            "disk.0.disk_encryption_key_sha256": "",
                            "disk.0.image": "broodbox",
                            "disk.0.scratch": "false",
                            "disk.0.size": "20",
                            "disk.0.type": "",
                            "id": "sample-nodejs-1",
                            "machine_type": "f1-micro",
                            "metadata.%": "0",
                            "metadata_fingerprint": "ggUaVFFDPx0=",
                            "name": "sample-nodejs-1",
                            "network.#": "0",
                            "network_interface.#": "1",
                            "network_interface.0.access_config.#": "1",
                            "network_interface.0.access_config.0.assigned_nat_ip": "35.185.243.156",
                            "network_interface.0.access_config.0.nat_ip": "",
                            "network_interface.0.address": "10.128.0.3",
                            "network_interface.0.name": "nic0",
                            "network_interface.0.network": "",
                            "network_interface.0.subnetwork": "dev-space",
                            "network_interface.0.subnetwork_project": "",
                            "self_link": "https://www.googleapis.com/compute/v1/projects/that-big-universe/zones/us-west1-a/instances/sample-nodejs-1",
                            "service_account.#": "1",
                            "service_account.0.email": "890822399500-compute@developer.gserviceaccount.com",
                            "service_account.0.scopes.#": "3",
                            "service_account.0.scopes.1632638332": "https://www.googleapis.com/auth/devstorage.read_only",
                            "service_account.0.scopes.2428168921": "https://www.googleapis.com/auth/userinfo.email",
                            "service_account.0.scopes.2862113455": "https://www.googleapis.com/auth/compute.readonly",
                            "tags.#": "6",
                            "tags.1828555870": "dev-nodejs",
                            "tags.1936433573": "https-server",
                            "tags.2410307259": "dev-ssh",
                            "tags.3016952731": "dev-https",
                            "tags.3122382253": "dev-http",
                            "tags.988335155": "http-server",
                            "tags_fingerprint": "56wRc8G0HP4=",
                            "zone": "us-west1-a"
                        },
                        "meta": {
                            "schema_version": "2"
                        },
                        "tainted": true
                    },
                    "deposed": [],
                    "provider": ""
                },
                "google_compute_instance.gcp-brood-server-2": {
                    "type": "google_compute_instance",
                    "depends_on": [
                        "google_compute_subnetwork.dev-space-us-west1"
                    ],
                    "primary": {
                        "id": "sample-nodejs-2",
                        "attributes": {
                            "attached_disk.#": "0",
                            "can_ip_forward": "false",
                            "create_timeout": "4",
                            "disk.#": "1",
                            "disk.0.auto_delete": "true",
                            "disk.0.device_name": "",
                            "disk.0.disk": "",
                            "disk.0.disk_encryption_key_raw": "",
                            "disk.0.disk_encryption_key_sha256": "",
                            "disk.0.image": "broodbox",
                            "disk.0.scratch": "false",
                            "disk.0.size": "20",
                            "disk.0.type": "",
                            "id": "sample-nodejs-2",
                            "machine_type": "f1-micro",
                            "metadata.%": "0",
                            "metadata_fingerprint": "ggUaVFFDPx0=",
                            "name": "sample-nodejs-2",
                            "network.#": "0",
                            "network_interface.#": "1",
                            "network_interface.0.access_config.#": "1",
                            "network_interface.0.access_config.0.assigned_nat_ip": "35.185.252.121",
                            "network_interface.0.access_config.0.nat_ip": "",
                            "network_interface.0.address": "10.128.0.2",
                            "network_interface.0.name": "nic0",
                            "network_interface.0.network": "",
                            "network_interface.0.subnetwork": "dev-space",
                            "network_interface.0.subnetwork_project": "",
                            "self_link": "https://www.googleapis.com/compute/v1/projects/that-big-universe/zones/us-west1-a/instances/sample-nodejs-2",
                            "service_account.#": "1",
                            "service_account.0.email": "890822399500-compute@developer.gserviceaccount.com",
                            "service_account.0.scopes.#": "3",
                            "service_account.0.scopes.1632638332": "https://www.googleapis.com/auth/devstorage.read_only",
                            "service_account.0.scopes.2428168921": "https://www.googleapis.com/auth/userinfo.email",
                            "service_account.0.scopes.2862113455": "https://www.googleapis.com/auth/compute.readonly",
                            "tags.#": "6",
                            "tags.1828555870": "dev-nodejs",
                            "tags.1936433573": "https-server",
                            "tags.2410307259": "dev-ssh",
                            "tags.3016952731": "dev-https",
                            "tags.3122382253": "dev-http",
                            "tags.988335155": "http-server",
                            "tags_fingerprint": "56wRc8G0HP4=",
                            "zone": "us-west1-a"
                        },
                        "meta": {
                            "schema_version": "2"
                        },
                        "tainted": true
                    },
                    "deposed": [],
                    "provider": ""
                },
                "google_compute_network.development": {
                    "type": "google_compute_network",
                    "depends_on": [],
                    "primary": {
                        "id": "development",
                        "attributes": {
                            "auto_create_subnetworks": "false",
                            "gateway_ipv4": "",
                            "id": "development",
                            "ipv4_range": "",
                            "name": "development",
                            "self_link": "https://www.googleapis.com/compute/v1/projects/that-big-universe/global/networks/development"
                        },
                        "meta": {},
                        "tainted": false
                    },
                    "deposed": [],
                    "provider": ""
                },
                "google_compute_subnetwork.dev-space-us-west1": {
                    "type": "google_compute_subnetwork",
                    "depends_on": [
                        "google_compute_network.development"
                    ],
                    "primary": {
                        "id": "us-west1/dev-space",
                        "attributes": {
                            "gateway_address": "10.128.0.1",
                            "id": "us-west1/dev-space",
                            "ip_cidr_range": "10.128.0.0/20",
                            "name": "dev-space",
                            "network": "https://www.googleapis.com/compute/v1/projects/that-big-universe/global/networks/development",
                            "region": "us-west1",
                            "self_link": "https://www.googleapis.com/compute/v1/projects/that-big-universe/regions/us-west1/subnetworks/dev-space"
                        },
                        "meta": {},
                        "tainted": false
                    },
                    "deposed": [],
                    "provider": ""
                }
            },
            "depends_on": []
        }
    ]
}
